<Solution>
  <Project Path="Restaurant.Application/Restaurant.Application.csproj" />
  <Project Path="Restaurant.Domain/Restaurant.Domain.csproj" />
  <Project Path="Restaurant.Infrastructure/Restaurant.Infrastructure.csproj" />
  <Project Path="Restaurant.Mediator.Helper/Restaurant.Mediator.Helper.csproj" />
  <Project Path="Restaurant.Web/Restaurant.Web.csproj" />
</Solution>
